
Microsoft Visual Studio Solution File, Format Version 12.00
# Visual Studio Version 17
VisualStudioVersion = 17.0.31903.59
MinimumVisualStudioVersion = 10.0.40219.1
Project("{2150E333-8FDC-42A3-9474-1A3956D46DE8}") = "src", "src", "{827E0CD3-B72D-47B6-A68D-7590B98EB39B}"
EndProject
Project("{FAE04EC0-301F-11D3-BF4B-00C04F79EFBC}") = "Inventory.Shared", "src\Inventory.Shared\Inventory.Shared.csproj", "{E5D1A03B-0145-47D1-9E98-BBF55359EA08}"
EndProject
Project("{FAE04EC0-301F-11D3-BF4B-00C04F79EFBC}") = "Inventory.API", "src\Inventory.API\Inventory.API.csproj", "{E5A0FCDD-C533-4D54-AA02-863B49616C0D}"
EndProject
Project("{FAE04EC0-301F-11D3-BF4B-00C04F79EFBC}") = "Inventory.Web.Client", "src\Inventory.Web.Client\Inventory.Web.Client.csproj", "{963E3CDA-41C9-4E54-9D54-9E68EC49EEF9}"
EndProject
Project("{FAE04EC0-301F-11D3-BF4B-00C04F79EFBC}") = "Inventory.UI", "src\Inventory.UI\Inventory.UI.csproj", "{F4E7ACEC-AC9F-47DD-96C3-1B60309EFEEF}"
EndProject
Global
	GlobalSection(SolutionConfigurationPlatforms) = preSolution
		Debug|Any CPU = Debug|Any CPU
		Debug|x64 = Debug|x64
		Debug|x86 = Debug|x86
		Release|Any CPU = Release|Any CPU
		Release|x64 = Release|x64
		Release|x86 = Release|x86
	EndGlobalSection
	GlobalSection(ProjectConfigurationPlatforms) = postSolution
		{E5D1A03B-0145-47D1-9E98-BBF55359EA08}.Debug|Any CPU.ActiveCfg = Debug|Any CPU
		{E5D1A03B-0145-47D1-9E98-BBF55359EA08}.Debug|Any CPU.Build.0 = Debug|Any CPU
		{E5D1A03B-0145-47D1-9E98-BBF55359EA08}.Debug|x64.ActiveCfg = Debug|Any CPU
		{E5D1A03B-0145-47D1-9E98-BBF55359EA08}.Debug|x64.Build.0 = Debug|Any CPU
		{E5D1A03B-0145-47D1-9E98-BBF55359EA08}.Debug|x86.ActiveCfg = Debug|Any CPU
		{E5D1A03B-0145-47D1-9E98-BBF55359EA08}.Debug|x86.Build.0 = Debug|Any CPU
		{E5D1A03B-0145-47D1-9E98-BBF55359EA08}.Release|Any CPU.ActiveCfg = Release|Any CPU
		{E5D1A03B-0145-47D1-9E98-BBF55359EA08}.Release|Any CPU.Build.0 = Release|Any CPU
		{E5D1A03B-0145-47D1-9E98-BBF55359EA08}.Release|x64.ActiveCfg = Release|Any CPU
		{E5D1A03B-0145-47D1-9E98-BBF55359EA08}.Release|x64.Build.0 = Release|Any CPU
		{E5D1A03B-0145-47D1-9E98-BBF55359EA08}.Release|x86.ActiveCfg = Release|Any CPU
		{E5D1A03B-0145-47D1-9E98-BBF55359EA08}.Release|x86.Build.0 = Release|Any CPU
		{E5A0FCDD-C533-4D54-AA02-863B49616C0D}.Debug|Any CPU.ActiveCfg = Debug|Any CPU
		{E5A0FCDD-C533-4D54-AA02-863B49616C0D}.Debug|Any CPU.Build.0 = Debug|Any CPU
		{E5A0FCDD-C533-4D54-AA02-863B49616C0D}.Debug|x64.ActiveCfg = Debug|Any CPU
		{E5A0FCDD-C533-4D54-AA02-863B49616C0D}.Debug|x64.Build.0 = Debug|Any CPU
		{E5A0FCDD-C533-4D54-AA02-863B49616C0D}.Debug|x86.ActiveCfg = Debug|Any CPU
		{E5A0FCDD-C533-4D54-AA02-863B49616C0D}.Debug|x86.Build.0 = Debug|Any CPU
		{E5A0FCDD-C533-4D54-AA02-863B49616C0D}.Release|Any CPU.ActiveCfg = Release|Any CPU
		{E5A0FCDD-C533-4D54-AA02-863B49616C0D}.Release|Any CPU.Build.0 = Release|Any CPU
		{E5A0FCDD-C533-4D54-AA02-863B49616C0D}.Release|x64.ActiveCfg = Release|Any CPU
		{E5A0FCDD-C533-4D54-AA02-863B49616C0D}.Release|x64.Build.0 = Release|Any CPU
		{E5A0FCDD-C533-4D54-AA02-863B49616C0D}.Release|x86.ActiveCfg = Release|Any CPU
		{E5A0FCDD-C533-4D54-AA02-863B49616C0D}.Release|x86.Build.0 = Release|Any CPU
		{963E3CDA-41C9-4E54-9D54-9E68EC49EEF9}.Debug|Any CPU.ActiveCfg = Debug|Any CPU
		{963E3CDA-41C9-4E54-9D54-9E68EC49EEF9}.Debug|Any CPU.Build.0 = Debug|Any CPU
		{963E3CDA-41C9-4E54-9D54-9E68EC49EEF9}.Debug|x64.ActiveCfg = Debug|Any CPU
		{963E3CDA-41C9-4E54-9D54-9E68EC49EEF9}.Debug|x64.Build.0 = Debug|Any CPU
		{963E3CDA-41C9-4E54-9D54-9E68EC49EEF9}.Debug|x86.ActiveCfg = Debug|Any CPU
		{963E3CDA-41C9-4E54-9D54-9E68EC49EEF9}.Debug|x86.Build.0 = Debug|Any CPU
		{963E3CDA-41C9-4E54-9D54-9E68EC49EEF9}.Release|Any CPU.ActiveCfg = Release|Any CPU
		{963E3CDA-41C9-4E54-9D54-9E68EC49EEF9}.Release|Any CPU.Build.0 = Release|Any CPU
		{963E3CDA-41C9-4E54-9D54-9E68EC49EEF9}.Release|x64.ActiveCfg = Release|Any CPU
		{963E3CDA-41C9-4E54-9D54-9E68EC49EEF9}.Release|x64.Build.0 = Release|Any CPU
		{963E3CDA-41C9-4E54-9D54-9E68EC49EEF9}.Release|x86.ActiveCfg = Release|Any CPU
		{963E3CDA-41C9-4E54-9D54-9E68EC49EEF9}.Release|x86.Build.0 = Release|Any CPU
		{F4E7ACEC-AC9F-47DD-96C3-1B60309EFEEF}.Debug|Any CPU.ActiveCfg = Debug|Any CPU
		{F4E7ACEC-AC9F-47DD-96C3-1B60309EFEEF}.Debug|Any CPU.Build.0 = Debug|Any CPU
		{F4E7ACEC-AC9F-47DD-96C3-1B60309EFEEF}.Debug|x64.ActiveCfg = Debug|Any CPU
		{F4E7ACEC-AC9F-47DD-96C3-1B60309EFEEF}.Debug|x64.Build.0 = Debug|Any CPU
		{F4E7ACEC-AC9F-47DD-96C3-1B60309EFEEF}.Debug|x86.ActiveCfg = Debug|Any CPU
		{F4E7ACEC-AC9F-47DD-96C3-1B60309EFEEF}.Debug|x86.Build.0 = Debug|Any CPU
		{F4E7ACEC-AC9F-47DD-96C3-1B60309EFEEF}.Release|Any CPU.ActiveCfg = Release|Any CPU
		{F4E7ACEC-AC9F-47DD-96C3-1B60309EFEEF}.Release|Any CPU.Build.0 = Release|Any CPU
		{F4E7ACEC-AC9F-47DD-96C3-1B60309EFEEF}.Release|x64.ActiveCfg = Release|Any CPU
		{F4E7ACEC-AC9F-47DD-96C3-1B60309EFEEF}.Release|x64.Build.0 = Release|Any CPU
		{F4E7ACEC-AC9F-47DD-96C3-1B60309EFEEF}.Release|x86.ActiveCfg = Release|Any CPU
		{F4E7ACEC-AC9F-47DD-96C3-1B60309EFEEF}.Release|x86.Build.0 = Release|Any CPU
	EndGlobalSection
	GlobalSection(SolutionProperties) = preSolution
		HideSolutionNode = FALSE
	EndGlobalSection
	GlobalSection(NestedProjects) = preSolution
		{E5D1A03B-0145-47D1-9E98-BBF55359EA08} = {827E0CD3-B72D-47B6-A68D-7590B98EB39B}
		{E5A0FCDD-C533-4D54-AA02-863B49616C0D} = {827E0CD3-B72D-47B6-A68D-7590B98EB39B}
		{963E3CDA-41C9-4E54-9D54-9E68EC49EEF9} = {827E0CD3-B72D-47B6-A68D-7590B98EB39B}
		{F4E7ACEC-AC9F-47DD-96C3-1B60309EFEEF} = {827E0CD3-B72D-47B6-A68D-7590B98EB39B}
	EndGlobalSection
EndGlobal
